
Microsoft Visual Studio Solution File, Format Version 12.00
# Visual Studio 15
VisualStudioVersion = 15.0.28307.572
MinimumVisualStudioVersion = 10.0.40219.1
Project("{FAE04EC0-301F-11D3-BF4B-00C04F79EFBC}") = "BookListMVC", "BookListMVC\BookListMVC.csproj", "{57AD1A6C-D3D5-4FE2-8AC4-D859D5AB8C1B}"
EndProject
Global
	GlobalSection(SolutionConfigurationPlatforms) = preSolution
		Debug|Any CPU = Debug|Any CPU
		Release|Any CPU = Release|Any CPU
	EndGlobalSection
	GlobalSection(ProjectConfigurationPlatforms) = postSolution
		{57AD1A6C-D3D5-4FE2-8AC4-D859D5AB8C1B}.Debug|Any CPU.ActiveCfg = Debug|Any CPU
		{57AD1A6C-D3D5-4FE2-8AC4-D859D5AB8C1B}.Debug|Any CPU.Build.0 = Debug|Any CPU
		{57AD1A6C-D3D5-4FE2-8AC4-D859D5AB8C1B}.Release|Any CPU.ActiveCfg = Release|Any CPU
		{57AD1A6C-D3D5-4FE2-8AC4-D859D5AB8C1B}.Release|Any CPU.Build.0 = Release|Any CPU
	EndGlobalSection
	GlobalSection(SolutionProperties) = preSolution
		HideSolutionNode = FALSE
	EndGlobalSection
	GlobalSection(ExtensibilityGlobals) = postSolution
		SolutionGuid = {2A3692D1-EDA8-450F-BF9B-833FAB416918}
	EndGlobalSection
EndGlobal
